Microsoft Visual Studio Solution File, Format Version 11.00
# Visual Studio 2008

Project("{63986706-B297-168B-987A-628995A5066F}") = "HurdleRace", "Assembly-CSharp.csproj", "{687DAE65-4043-7839-69D5-C2547602091D}"
EndProject
Global
	GlobalSection(SolutionConfigurationPlatforms) = preSolution
		Debug|Any CPU = Debug|Any CPU
		Release|Any CPU = Release|Any CPU
	EndGlobalSection
	GlobalSection(ProjectConfigurationPlatforms) = postSolution
		{687DAE65-4043-7839-69D5-C2547602091D}.Debug|Any CPU.ActiveCfg = Debug|Any CPU
		{687DAE65-4043-7839-69D5-C2547602091D}.Debug|Any CPU.Build.0 = Debug|Any CPU
		{687DAE65-4043-7839-69D5-C2547602091D}.Release|Any CPU.ActiveCfg = Release|Any CPU
		{687DAE65-4043-7839-69D5-C2547602091D}.Release|Any CPU.Build.0 = Release|Any CPU
	EndGlobalSection
	GlobalSection(SolutionProperties) = preSolution
		HideSolutionNode = FALSE
	EndGlobalSection
	GlobalSection(MonoDevelopProperties) = preSolution
		StartupItem = Assembly-CSharp.csproj
	EndGlobalSection
EndGlobal
